// !$*UTF8*$!
{
	archiveVersion = 1;
	classes = {
	};
	objectVersion = 77;
	objects = {

/* Begin PBXBuildFile section */
		E03CDF592EAFD7A600AAFB7B /* AccountViewModel.swift in Sources */ = {isa = PBXBuildFile; fileRef = E03CDF582EAFD7A600AAFB7B /* AccountViewModel.swift */; };
		E03CDF5C2EAFDAEC00AAFB7B /* String+Ext.swift in Sources */ = {isa = PBXBuildFile; fileRef = E03CDF5B2EAFDAEC00AAFB7B /* String+Ext.swift */; };
		E05603002EAC24670032FB65 /* AccountView.swift in Sources */ = {isa = PBXBuildFile; fileRef = E05602F22EAC24670032FB65 /* AccountView.swift */; };
		E05603012EAC24670032FB65 /* alert.swift in Sources */ = {isa = PBXBuildFile; fileRef = E05602F32EAC24670032FB65 /* alert.swift */; };
		E05603022EAC24670032FB65 /* APError.swift in Sources */ = {isa = PBXBuildFile; fileRef = E05602F42EAC24670032FB65 /* APError.swift */; };
		E05603042EAC24670032FB65 /* AppetizerListCell.swift in Sources */ = {isa = PBXBuildFile; fileRef = E05602F62EAC24670032FB65 /* AppetizerListCell.swift */; };
		E05603052EAC24670032FB65 /* AppetizerListView.swift in Sources */ = {isa = PBXBuildFile; fileRef = E05602F72EAC24670032FB65 /* AppetizerListView.swift */; };
		E05603062EAC24670032FB65 /* AppetizerListViewModel.swift in Sources */ = {isa = PBXBuildFile; fileRef = E05602F82EAC24670032FB65 /* AppetizerListViewModel.swift */; };
		E05603072EAC24670032FB65 /* AppetizerTabView.swift in Sources */ = {isa = PBXBuildFile; fileRef = E05602F92EAC24670032FB65 /* AppetizerTabView.swift */; };
		E05603082EAC24670032FB65 /* File.swift in Sources */ = {isa = PBXBuildFile; fileRef = E05602FB2EAC24670032FB65 /* File.swift */; };
		E05603092EAC24670032FB65 /* LoadingView.swift in Sources */ = {isa = PBXBuildFile; fileRef = E05602FC2EAC24670032FB65 /* LoadingView.swift */; };
		E056030A2EAC24670032FB65 /* NetworkManager.swift in Sources */ = {isa = PBXBuildFile; fileRef = E05602FD2EAC24670032FB65 /* NetworkManager.swift */; };
		E056030B2EAC24670032FB65 /* orderView.swift in Sources */ = {isa = PBXBuildFile; fileRef = E05602FE2EAC24670032FB65 /* orderView.swift */; };
		E056030C2EAC24670032FB65 /* RemoteImage.swift in Sources */ = {isa = PBXBuildFile; fileRef = E05602FF2EAC24670032FB65 /* RemoteImage.swift */; };
		E05603232EAC28780032FB65 /* AppetizerDetailView.swift in Sources */ = {isa = PBXBuildFile; fileRef = E05603222EAC28780032FB65 /* AppetizerDetailView.swift */; };
		E0965A7B2EB2DC7900B78886 /* order.swift in Sources */ = {isa = PBXBuildFile; fileRef = E0965A7A2EB2DC7900B78886 /* order.swift */; };
		E0A110742EB294BB00A698AF /* EmptyState.swift in Sources */ = {isa = PBXBuildFile; fileRef = E0A110732EB294BB00A698AF /* EmptyState.swift */; };
/* End PBXBuildFile section */

/* Begin PBXContainerItemProxy section */
		E0E5851D2E997905003885E5 /* PBXContainerItemProxy */ = {
			isa = PBXContainerItemProxy;
			containerPortal = E0E585072E997904003885E5 /* Project object */;
			proxyType = 1;
			remoteGlobalIDString = E0E5850E2E997904003885E5;
			remoteInfo = appetizerAPP;
		};
		E0E585272E997906003885E5 /* PBXContainerItemProxy */ = {
			isa = PBXContainerItemProxy;
			containerPortal = E0E585072E997904003885E5 /* Project object */;
			proxyType = 1;
			remoteGlobalIDString = E0E5850E2E997904003885E5;
			remoteInfo = appetizerAPP;
		};
/* End PBXContainerItemProxy section */

/* Begin PBXFileReference section */
		E03CDF582EAFD7A600AAFB7B /* AccountViewModel.swift */ = {isa = PBXFileReference; lastKnownFileType = sourcecode.swift; path = AccountViewModel.swift; sourceTree = "<group>"; };
		E03CDF5B2EAFDAEC00AAFB7B /* String+Ext.swift */ = {isa = PBXFileReference; lastKnownFileType = sourcecode.swift; path = "String+Ext.swift"; sourceTree = "<group>"; };
		E05602F22EAC24670032FB65 /* AccountView.swift */ = {isa = PBXFileReference; lastKnownFileType = sourcecode.swift; path = AccountView.swift; sourceTree = "<group>"; };
		E05602F32EAC24670032FB65 /* alert.swift */ = {isa = PBXFileReference; lastKnownFileType = sourcecode.swift; path = alert.swift; sourceTree = "<group>"; };
		E05602F42EAC24670032FB65 /* APError.swift */ = {isa = PBXFileReference; lastKnownFileType = sourcecode.swift; path = APError.swift; sourceTree = "<group>"; };
		E05602F62EAC24670032FB65 /* AppetizerListCell.swift */ = {isa = PBXFileReference; lastKnownFileType = sourcecode.swift; path = AppetizerListCell.swift; sourceTree = "<group>"; };
		E05602F72EAC24670032FB65 /* AppetizerListView.swift */ = {isa = PBXFileReference; lastKnownFileType = sourcecode.swift; path = AppetizerListView.swift; sourceTree = "<group>"; };
		E05602F82EAC24670032FB65 /* AppetizerListViewModel.swift */ = {isa = PBXFileReference; lastKnownFileType = sourcecode.swift; path = AppetizerListViewModel.swift; sourceTree = "<group>"; };
		E05602F92EAC24670032FB65 /* AppetizerTabView.swift */ = {isa = PBXFileReference; lastKnownFileType = sourcecode.swift; path = AppetizerTabView.swift; sourceTree = "<group>"; };
		E05602FB2EAC24670032FB65 /* File.swift */ = {isa = PBXFileReference; lastKnownFileType = sourcecode.swift; path = File.swift; sourceTree = "<group>"; };
		E05602FC2EAC24670032FB65 /* LoadingView.swift */ = {isa = PBXFileReference; lastKnownFileType = sourcecode.swift; path = LoadingView.swift; sourceTree = "<group>"; };
		E05602FD2EAC24670032FB65 /* NetworkManager.swift */ = {isa = PBXFileReference; lastKnownFileType = sourcecode.swift; path = NetworkManager.swift; sourceTree = "<group>"; };
		E05602FE2EAC24670032FB65 /* orderView.swift */ = {isa = PBXFileReference; lastKnownFileType = sourcecode.swift; path = orderView.swift; sourceTree = "<group>"; };
		E05602FF2EAC24670032FB65 /* RemoteImage.swift */ = {isa = PBXFileReference; lastKnownFileType = sourcecode.swift; path = RemoteImage.swift; sourceTree = "<group>"; };
		E05603222EAC28780032FB65 /* AppetizerDetailView.swift */ = {isa = PBXFileReference; lastKnownFileType = sourcecode.swift; path = AppetizerDetailView.swift; sourceTree = "<group>"; };
		E0965A7A2EB2DC7900B78886 /* order.swift */ = {isa = PBXFileReference; lastKnownFileType = sourcecode.swift; path = order.swift; sourceTree = "<group>"; };
		E0A110732EB294BB00A698AF /* EmptyState.swift */ = {isa = PBXFileReference; lastKnownFileType = sourcecode.swift; path = EmptyState.swift; sourceTree = "<group>"; };
		E0E5850F2E997904003885E5 /* appetizerAPP.app */ = {isa = PBXFileReference; explicitFileType = wrapper.application; includeInIndex = 0; path = appetizerAPP.app; sourceTree = BUILT_PRODUCTS_DIR; };
		E0E5851C2E997905003885E5 /* appetizerAPPTests.xctest */ = {isa = PBXFileReference; explicitFileType = wrapper.cfbundle; includeInIndex = 0; path = appetizerAPPTests.xctest; sourceTree = BUILT_PRODUCTS_DIR; };
		E0E585262E997906003885E5 /* appetizerAPPUITests.xctest */ = {isa = PBXFileReference; explicitFileType = wrapper.cfbundle; includeInIndex = 0; path = appetizerAPPUITests.xctest; sourceTree = BUILT_PRODUCTS_DIR; };
/* End PBXFileReference section */

/* Begin PBXFileSystemSynchronizedRootGroup section */
		E0E585112E997904003885E5 /* appetizerAPP */ = {
			isa = PBXFileSystemSynchronizedRootGroup;
			path = appetizerAPP;
			sourceTree = "<group>";
		};
		E0E5851F2E997905003885E5 /* appetizerAPPTests */ = {
			isa = PBXFileSystemSynchronizedRootGroup;
			path = appetizerAPPTests;
			sourceTree = "<group>";
		};
		E0E585292E997906003885E5 /* appetizerAPPUITests */ = {
			isa = PBXFileSystemSynchronizedRootGroup;
			path = appetizerAPPUITests;
			sourceTree = "<group>";
		};
/* End PBXFileSystemSynchronizedRootGroup section */

/* Begin PBXFrameworksBuildPhase section */
		E0E5850C2E997904003885E5 /* Frameworks */ = {
			isa = PBXFrameworksBuildPhase;
			buildActionMask = 2147483647;
			files = (
			);
			runOnlyForDeploymentPostprocessing = 0;
		};
		E0E585192E997905003885E5 /* Frameworks */ = {
			isa = PBXFrameworksBuildPhase;
			buildActionMask = 2147483647;
			files = (
			);
			runOnlyForDeploymentPostprocessing = 0;
		};
		E0E585232E997906003885E5 /* Frameworks */ = {
			isa = PBXFrameworksBuildPhase;
			buildActionMask = 2147483647;
			files = (
			);
			runOnlyForDeploymentPostprocessing = 0;
		};
/* End PBXFrameworksBuildPhase section */

/* Begin PBXGroup section */
		E03CDF5A2EAFDAC300AAFB7B /* Extentions */ = {
			isa = PBXGroup;
			children = (
				E03CDF5B2EAFDAEC00AAFB7B /* String+Ext.swift */,
			);
			path = Extentions;
			sourceTree = "<group>";
		};
		E05603142EAC25060032FB65 /* Appetizers */ = {
			isa = PBXGroup;
			children = (
				E056031E2EAC26E30032FB65 /* Views */,
				E056031D2EAC266C0032FB65 /* Model */,
				E05603192EAC25E50032FB65 /* Utilities */,
				E05603152EAC25300032FB65 /* screens */,
				E0E585112E997904003885E5 /* appetizerAPP */,
			);
			path = Appetizers;
			sourceTree = "<group>";
		};
		E05603152EAC25300032FB65 /* screens */ = {
			isa = PBXGroup;
			children = (
				E05603182EAC258C0032FB65 /* OrderView */,
				E05603172EAC25810032FB65 /* AccountView */,
				E05603162EAC25660032FB65 /* AppetizerListViee */,
				E05602F92EAC24670032FB65 /* AppetizerTabView.swift */,
			);
			path = screens;
			sourceTree = "<group>";
		};
		E05603162EAC25660032FB65 /* AppetizerListViee */ = {
			isa = PBXGroup;
			children = (
				E05602F72EAC24670032FB65 /* AppetizerListView.swift */,
				E05602F82EAC24670032FB65 /* AppetizerListViewModel.swift */,
				E05603222EAC28780032FB65 /* AppetizerDetailView.swift */,
			);
			path = AppetizerListViee;
			sourceTree = "<group>";
		};
		E05603172EAC25810032FB65 /* AccountView */ = {
			isa = PBXGroup;
			children = (
				E05602F22EAC24670032FB65 /* AccountView.swift */,
				E03CDF582EAFD7A600AAFB7B /* AccountViewModel.swift */,
			);
			path = AccountView;
			sourceTree = "<group>";
		};
		E05603182EAC258C0032FB65 /* OrderView */ = {
			isa = PBXGroup;
			children = (
				E05602FE2EAC24670032FB65 /* orderView.swift */,
			);
			path = OrderView;
			sourceTree = "<group>";
		};
		E05603192EAC25E50032FB65 /* Utilities */ = {
			isa = PBXGroup;
			children = (
				E03CDF5A2EAFDAC300AAFB7B /* Extentions */,
				E056031C2EAC261E0032FB65 /* Alerts */,
				E056031A2EAC25F80032FB65 /* Managers */,
			);
			path = Utilities;
			sourceTree = "<group>";
		};
		E056031A2EAC25F80032FB65 /* Managers */ = {
			isa = PBXGroup;
			children = (
				E05602FD2EAC24670032FB65 /* NetworkManager.swift */,
			);
			path = Managers;
			sourceTree = "<group>";
		};
		E056031C2EAC261E0032FB65 /* Alerts */ = {
			isa = PBXGroup;
			children = (
				E05602F32EAC24670032FB65 /* alert.swift */,
				E05602F42EAC24670032FB65 /* APError.swift */,
			);
			path = Alerts;
			sourceTree = "<group>";
		};
		E056031D2EAC266C0032FB65 /* Model */ = {
			isa = PBXGroup;
			children = (
				E05602FB2EAC24670032FB65 /* File.swift */,
				E0965A7A2EB2DC7900B78886 /* order.swift */,
			);
			path = Model;
			sourceTree = "<group>";
		};
		E056031E2EAC26E30032FB65 /* Views */ = {
			isa = PBXGroup;
			children = (
				E0A110722EB294A100A698AF /* Empty States */,
				E05603212EAC27230032FB65 /* Image */,
				E05603202EAC26F90032FB65 /* UIKit Components */,
				E056031F2EAC26F10032FB65 /* Cells */,
			);
			path = Views;
			sourceTree = "<group>";
		};
		E056031F2EAC26F10032FB65 /* Cells */ = {
			isa = PBXGroup;
			children = (
				E05602F62EAC24670032FB65 /* AppetizerListCell.swift */,
			);
			path = Cells;
			sourceTree = "<group>";
		};
		E05603202EAC26F90032FB65 /* UIKit Components */ = {
			isa = PBXGroup;
			children = (
				E05602FC2EAC24670032FB65 /* LoadingView.swift */,
			);
			path = "UIKit Components";
			sourceTree = "<group>";
		};
		E05603212EAC27230032FB65 /* Image */ = {
			isa = PBXGroup;
			children = (
				E05602FF2EAC24670032FB65 /* RemoteImage.swift */,
			);
			path = Image;
			sourceTree = "<group>";
		};
		E0A110722EB294A100A698AF /* Empty States */ = {
			isa = PBXGroup;
			children = (
				E0A110732EB294BB00A698AF /* EmptyState.swift */,
			);
			path = "Empty States";
			sourceTree = "<group>";
		};
		E0E585062E997904003885E5 = {
			isa = PBXGroup;
			children = (
				E05603142EAC25060032FB65 /* Appetizers */,
				E0E5851F2E997905003885E5 /* appetizerAPPTests */,
				E0E585292E997906003885E5 /* appetizerAPPUITests */,
				E0E585102E997904003885E5 /* Products */,
			);
			sourceTree = "<group>";
		};
		E0E585102E997904003885E5 /* Products */ = {
			isa = PBXGroup;
			children = (
				E0E5850F2E997904003885E5 /* appetizerAPP.app */,
				E0E5851C2E997905003885E5 /* appetizerAPPTests.xctest */,
				E0E585262E997906003885E5 /* appetizerAPPUITests.xctest */,
			);
			name = Products;
			sourceTree = "<group>";
		};
/* End PBXGroup section */

/* Begin PBXNativeTarget section */
		E0E5850E2E997904003885E5 /* appetizerAPP */ = {
			isa = PBXNativeTarget;
			buildConfigurationList = E0E585302E997906003885E5 /* Build configuration list for PBXNativeTarget "appetizerAPP" */;
			buildPhases = (
				E0E5850B2E997904003885E5 /* Sources */,
				E0E5850C2E997904003885E5 /* Frameworks */,
				E0E5850D2E997904003885E5 /* Resources */,
			);
			buildRules = (
			);
			dependencies = (
			);
			fileSystemSynchronizedGroups = (
				E0E585112E997904003885E5 /* appetizerAPP */,
			);
			name = appetizerAPP;
			packageProductDependencies = (
			);
			productName = appetizerAPP;
			productReference = E0E5850F2E997904003885E5 /* appetizerAPP.app */;
			productType = "com.apple.product-type.application";
		};
		E0E5851B2E997905003885E5 /* appetizerAPPTests */ = {
			isa = PBXNativeTarget;
			buildConfigurationList = E0E585332E997906003885E5 /* Build configuration list for PBXNativeTarget "appetizerAPPTests" */;
			buildPhases = (
				E0E585182E997905003885E5 /* Sources */,
				E0E585192E997905003885E5 /* Frameworks */,
				E0E5851A2E997905003885E5 /* Resources */,
			);
			buildRules = (
			);
			dependencies = (
				E0E5851E2E997905003885E5 /* PBXTargetDependency */,
			);
			fileSystemSynchronizedGroups = (
				E0E5851F2E997905003885E5 /* appetizerAPPTests */,
			);
			name = appetizerAPPTests;
			packageProductDependencies = (
			);
			productName = appetizerAPPTests;
			productReference = E0E5851C2E997905003885E5 /* appetizerAPPTests.xctest */;
			productType = "com.apple.product-type.bundle.unit-test";
		};
		E0E585252E997906003885E5 /* appetizerAPPUITests */ = {
			isa = PBXNativeTarget;
			buildConfigurationList = E0E585362E997906003885E5 /* Build configuration list for PBXNativeTarget "appetizerAPPUITests" */;
			buildPhases = (
				E0E585222E997906003885E5 /* Sources */,
				E0E585232E997906003885E5 /* Frameworks */,
				E0E585242E997906003885E5 /* Resources */,
			);
			buildRules = (
			);
			dependencies = (
				E0E585282E997906003885E5 /* PBXTargetDependency */,
			);
			fileSystemSynchronizedGroups = (
				E0E585292E997906003885E5 /* appetizerAPPUITests */,
			);
			name = appetizerAPPUITests;
			packageProductDependencies = (
			);
			productName = appetizerAPPUITests;
			productReference = E0E585262E997906003885E5 /* appetizerAPPUITests.xctest */;
			productType = "com.apple.product-type.bundle.ui-testing";
		};
/* End PBXNativeTarget section */

/* Begin PBXProject section */
		E0E585072E997904003885E5 /* Project object */ = {
			isa = PBXProject;
			attributes = {
				BuildIndependentTargetsInParallel = 1;
				LastSwiftUpdateCheck = 2600;
				LastUpgradeCheck = 2600;
				TargetAttributes = {
					E0E5850E2E997904003885E5 = {
						CreatedOnToolsVersion = 26.0.1;
					};
					E0E5851B2E997905003885E5 = {
						CreatedOnToolsVersion = 26.0.1;
						TestTargetID = E0E5850E2E997904003885E5;
					};
					E0E585252E997906003885E5 = {
						CreatedOnToolsVersion = 26.0.1;
						TestTargetID = E0E5850E2E997904003885E5;
					};
				};
			};
			buildConfigurationList = E0E5850A2E997904003885E5 /* Build configuration list for PBXProject "appetizerAPP" */;
			developmentRegion = en;
			hasScannedForEncodings = 0;
			knownRegions = (
				en,
				Base,
			);
			mainGroup = E0E585062E997904003885E5;
			minimizedProjectReferenceProxies = 1;
			preferredProjectObjectVersion = 77;
			productRefGroup = E0E585102E997904003885E5 /* Products */;
			projectDirPath = "";
			projectRoot = "";
			targets = (
				E0E5850E2E997904003885E5 /* appetizerAPP */,
				E0E5851B2E997905003885E5 /* appetizerAPPTests */,
				E0E585252E997906003885E5 /* appetizerAPPUITests */,
			);
		};
/* End PBXProject section */

/* Begin PBXResourcesBuildPhase section */
		E0E5850D2E997904003885E5 /* Resources */ = {
			isa = PBXResourcesBuildPhase;
			buildActionMask = 2147483647;
			files = (
			);
			runOnlyForDeploymentPostprocessing = 0;
		};
		E0E5851A2E997905003885E5 /* Resources */ = {
			isa = PBXResourcesBuildPhase;
			buildActionMask = 2147483647;
			files = (
			);
			runOnlyForDeploymentPostprocessing = 0;
		};
		E0E585242E997906003885E5 /* Resources */ = {
			isa = PBXResourcesBuildPhase;
			buildActionMask = 2147483647;
			files = (
			);
			runOnlyForDeploymentPostprocessing = 0;
		};
/* End PBXResourcesBuildPhase section */

/* Begin PBXSourcesBuildPhase section */
		E0E5850B2E997904003885E5 /* Sources */ = {
			isa = PBXSourcesBuildPhase;
			buildActionMask = 2147483647;
			files = (
				E03CDF592EAFD7A600AAFB7B /* AccountViewModel.swift in Sources */,
				E05603002EAC24670032FB65 /* AccountView.swift in Sources */,
				E05603012EAC24670032FB65 /* alert.swift in Sources */,
				E0A110742EB294BB00A698AF /* EmptyState.swift in Sources */,
				E05603022EAC24670032FB65 /* APError.swift in Sources */,
				E05603042EAC24670032FB65 /* AppetizerListCell.swift in Sources */,
				E05603052EAC24670032FB65 /* AppetizerListView.swift in Sources */,
				E05603062EAC24670032FB65 /* AppetizerListViewModel.swift in Sources */,
				E05603072EAC24670032FB65 /* AppetizerTabView.swift in Sources */,
				E05603232EAC28780032FB65 /* AppetizerDetailView.swift in Sources */,
				E05603082EAC24670032FB65 /* File.swift in Sources */,
				E0965A7B2EB2DC7900B78886 /* order.swift in Sources */,
				E05603092EAC24670032FB65 /* LoadingView.swift in Sources */,
				E056030A2EAC24670032FB65 /* NetworkManager.swift in Sources */,
				E056030B2EAC24670032FB65 /* orderView.swift in Sources */,
				E03CDF5C2EAFDAEC00AAFB7B /* String+Ext.swift in Sources */,
				E056030C2EAC24670032FB65 /* RemoteImage.swift in Sources */,
			);
			runOnlyForDeploymentPostprocessing = 0;
		};
		E0E585182E997905003885E5 /* Sources */ = {
			isa = PBXSourcesBuildPhase;
			buildActionMask = 2147483647;
			files = (
			);
			runOnlyForDeploymentPostprocessing = 0;
		};
		E0E585222E997906003885E5 /* Sources */ = {
			isa = PBXSourcesBuildPhase;
			buildActionMask = 2147483647;
			files = (
			);
			runOnlyForDeploymentPostprocessing = 0;
		};
/* End PBXSourcesBuildPhase section */

/* Begin PBXTargetDependency section */
		E0E5851E2E997905003885E5 /* PBXTargetDependency */ = {
			isa = PBXTargetDependency;
			target = E0E5850E2E997904003885E5 /* appetizerAPP */;
			targetProxy = E0E5851D2E997905003885E5 /* PBXContainerItemProxy */;
		};
		E0E585282E997906003885E5 /* PBXTargetDependency */ = {
			isa = PBXTargetDependency;
			target = E0E5850E2E997904003885E5 /* appetizerAPP */;
			targetProxy = E0E585272E997906003885E5 /* PBXContainerItemProxy */;
		};
/* End PBXTargetDependency section */

/* Begin XCBuildConfiguration section */
		E0E5852E2E997906003885E5 /* Debug */ = {
			isa = XCBuildConfiguration;
			buildSettings = {
				ALWAYS_SEARCH_USER_PATHS = NO;
				ASSETCATALOG_COMPILER_GENERATE_SWIFT_ASSET_SYMBOL_EXTENSIONS = YES;
				CLANG_ANALYZER_NONNULL = YES;
				CLANG_ANALYZER_NUMBER_OBJECT_CONVERSION = YES_AGGRESSIVE;
				CLANG_CXX_LANGUAGE_STANDARD = "gnu++20";
				CLANG_ENABLE_MODULES = YES;
				CLANG_ENABLE_OBJC_ARC = YES;
				CLANG_ENABLE_OBJC_WEAK = YES;
				CLANG_WARN_BLOCK_CAPTURE_AUTORELEASING = YES;
				CLANG_WARN_BOOL_CONVERSION = YES;
				CLANG_WARN_COMMA = YES;
				CLANG_WARN_CONSTANT_CONVERSION = YES;
				CLANG_WARN_DEPRECATED_OBJC_IMPLEMENTATIONS = YES;
				CLANG_WARN_DIRECT_OBJC_ISA_USAGE = YES_ERROR;
				CLANG_WARN_DOCUMENTATION_COMMENTS = YES;
				CLANG_WARN_EMPTY_BODY = YES;
				CLANG_WARN_ENUM_CONVERSION = YES;
				CLANG_WARN_INFINITE_RECURSION = YES;
				CLANG_WARN_INT_CONVERSION = YES;
				CLANG_WARN_NON_LITERAL_NULL_CONVERSION = YES;
				CLANG_WARN_OBJC_IMPLICIT_RETAIN_SELF = YES;
				CLANG_WARN_OBJC_LITERAL_CONVERSION = YES;
				CLANG_WARN_OBJC_ROOT_CLASS = YES_ERROR;
				CLANG_WARN_QUOTED_INCLUDE_IN_FRAMEWORK_HEADER = YES;
				CLANG_WARN_RANGE_LOOP_ANALYSIS = YES;
				CLANG_WARN_STRICT_PROTOTYPES = YES;
				CLANG_WARN_SUSPICIOUS_MOVE = YES;
				CLANG_WARN_UNGUARDED_AVAILABILITY = YES_AGGRESSIVE;
				CLANG_WARN_UNREACHABLE_CODE = YES;
				CLANG_WARN__DUPLICATE_METHOD_MATCH = YES;
				COPY_PHASE_STRIP = NO;
				DEBUG_INFORMATION_FORMAT = dwarf;
				DEVELOPMENT_TEAM = JWGUWL64BX;
				ENABLE_STRICT_OBJC_MSGSEND = YES;
				ENABLE_TESTABILITY = YES;
				ENABLE_USER_SCRIPT_SANDBOXING = YES;
				GCC_C_LANGUAGE_STANDARD = gnu17;
				GCC_DYNAMIC_NO_PIC = NO;
				GCC_NO_COMMON_BLOCKS = YES;
				GCC_OPTIMIZATION_LEVEL = 0;
				GCC_PREPROCESSOR_DEFINITIONS = (
					"DEBUG=1",
					"$(inherited)",
				);
				GCC_WARN_64_TO_32_BIT_CONVERSION = YES;
				GCC_WARN_ABOUT_RETURN_TYPE = YES_ERROR;
				GCC_WARN_UNDECLARED_SELECTOR = YES;
				GCC_WARN_UNINITIALIZED_AUTOS = YES_AGGRESSIVE;
				GCC_WARN_UNUSED_FUNCTION = YES;
				GCC_WARN_UNUSED_VARIABLE = YES;
				IPHONEOS_DEPLOYMENT_TARGET = 26.0;
				LOCALIZATION_PREFERS_STRING_CATALOGS = YES;
				MTL_ENABLE_DEBUG_INFO = INCLUDE_SOURCE;
				MTL_FAST_MATH = YES;
				ONLY_ACTIVE_ARCH = YES;
				SDKROOT = iphoneos;
				SWIFT_ACTIVE_COMPILATION_CONDITIONS = "DEBUG $(inherited)";
				SWIFT_OPTIMIZATION_LEVEL = "-Onone";
			};
			name = Debug;
		};
		E0E5852F2E997906003885E5 /* Release */ = {
			isa = XCBuildConfiguration;
			buildSettings = {
				ALWAYS_SEARCH_USER_PATHS = NO;
				ASSETCATALOG_COMPILER_GENERATE_SWIFT_ASSET_SYMBOL_EXTENSIONS = YES;
				CLANG_ANALYZER_NONNULL = YES;
				CLANG_ANALYZER_NUMBER_OBJECT_CONVERSION = YES_AGGRESSIVE;
				CLANG_CXX_LANGUAGE_STANDARD = "gnu++20";
				CLANG_ENABLE_MODULES = YES;
				CLANG_ENABLE_OBJC_ARC = YES;
				CLANG_ENABLE_OBJC_WEAK = YES;
				CLANG_WARN_BLOCK_CAPTURE_AUTORELEASING = YES;
				CLANG_WARN_BOOL_CONVERSION = YES;
				CLANG_WARN_COMMA = YES;
				CLANG_WARN_CONSTANT_CONVERSION = YES;
				CLANG_WARN_DEPRECATED_OBJC_IMPLEMENTATIONS = YES;
				CLANG_WARN_DIRECT_OBJC_ISA_USAGE = YES_ERROR;
				CLANG_WARN_DOCUMENTATION_COMMENTS = YES;
				CLANG_WARN_EMPTY_BODY = YES;
				CLANG_WARN_ENUM_CONVERSION = YES;
				CLANG_WARN_INFINITE_RECURSION = YES;
				CLANG_WARN_INT_CONVERSION = YES;
				CLANG_WARN_NON_LITERAL_NULL_CONVERSION = YES;
				CLANG_WARN_OBJC_IMPLICIT_RETAIN_SELF = YES;
				CLANG_WARN_OBJC_LITERAL_CONVERSION = YES;
				CLANG_WARN_OBJC_ROOT_CLASS = YES_ERROR;
				CLANG_WARN_QUOTED_INCLUDE_IN_FRAMEWORK_HEADER = YES;
				CLANG_WARN_RANGE_LOOP_ANALYSIS = YES;
				CLANG_WARN_STRICT_PROTOTYPES = YES;
				CLANG_WARN_SUSPICIOUS_MOVE = YES;
				CLANG_WARN_UNGUARDED_AVAILABILITY = YES_AGGRESSIVE;
				CLANG_WARN_UNREACHABLE_CODE = YES;
				CLANG_WARN__DUPLICATE_METHOD_MATCH = YES;
				COPY_PHASE_STRIP = NO;
				DEBUG_INFORMATION_FORMAT = "dwarf-with-dsym";
				DEVELOPMENT_TEAM = JWGUWL64BX;
				ENABLE_NS_ASSERTIONS = NO;
				ENABLE_STRICT_OBJC_MSGSEND = YES;
				ENABLE_USER_SCRIPT_SANDBOXING = YES;
				GCC_C_LANGUAGE_STANDARD = gnu17;
				GCC_NO_COMMON_BLOCKS = YES;
				GCC_WARN_64_TO_32_BIT_CONVERSION = YES;
				GCC_WARN_ABOUT_RETURN_TYPE = YES_ERROR;
				GCC_WARN_UNDECLARED_SELECTOR = YES;
				GCC_WARN_UNINITIALIZED_AUTOS = YES_AGGRESSIVE;
				GCC_WARN_UNUSED_FUNCTION = YES;
				GCC_WARN_UNUSED_VARIABLE = YES;
				IPHONEOS_DEPLOYMENT_TARGET = 26.0;
				LOCALIZATION_PREFERS_STRING_CATALOGS = YES;
				MTL_ENABLE_DEBUG_INFO = NO;
				MTL_FAST_MATH = YES;
				SDKROOT = iphoneos;
				SWIFT_COMPILATION_MODE = wholemodule;
				VALIDATE_PRODUCT = YES;
			};
			name = Release;
		};
		E0E585312E997906003885E5 /* Debug */ = {
			isa = XCBuildConfiguration;
			buildSettings = {
				ASSETCATALOG_COMPILER_APPICON_NAME = AppIcon;
				ASSETCATALOG_COMPILER_GLOBAL_ACCENT_COLOR_NAME = AccentColor;
				CODE_SIGN_STYLE = Automatic;
				CURRENT_PROJECT_VERSION = 1;
				DEVELOPMENT_TEAM = JWGUWL64BX;
				ENABLE_PREVIEWS = YES;
				GENERATE_INFOPLIST_FILE = YES;
				INFOPLIST_KEY_UIApplicationSceneManifest_Generation = YES;
				INFOPLIST_KEY_UIApplicationSupportsIndirectInputEvents = YES;
				INFOPLIST_KEY_UILaunchScreen_Generation = YES;
				INFOPLIST_KEY_UISupportedInterfaceOrientations_iPad = "UIInterfaceOrientationPortrait UIInterfaceOrientationPortraitUpsideDown UIInterfaceOrientationLandscapeLeft UIInterfaceOrientationLandscapeRight";
				INFOPLIST_KEY_UISupportedInterfaceOrientations_iPhone = "UIInterfaceOrientationPortrait UIInterfaceOrientationLandscapeLeft UIInterfaceOrientationLandscapeRight";
				LD_RUNPATH_SEARCH_PATHS = (
					"$(inherited)",
					"@executable_path/Frameworks",
				);
				MARKETING_VERSION = 1.0;
				PRODUCT_BUNDLE_IDENTIFIER = com.BZCode.appetizerAPP;
				PRODUCT_NAME = "$(TARGET_NAME)";
				STRING_CATALOG_GENERATE_SYMBOLS = YES;
				SWIFT_APPROACHABLE_CONCURRENCY = YES;
				SWIFT_DEFAULT_ACTOR_ISOLATION = MainActor;
				SWIFT_EMIT_LOC_STRINGS = YES;
				SWIFT_UPCOMING_FEATURE_MEMBER_IMPORT_VISIBILITY = YES;
				SWIFT_VERSION = 5.0;
				TARGETED_DEVICE_FAMILY = "1,2";
			};
			name = Debug;
		};
		E0E585322E997906003885E5 /* Release */ = {
			isa = XCBuildConfiguration;
			buildSettings = {
				ASSETCATALOG_COMPILER_APPICON_NAME = AppIcon;
				ASSETCATALOG_COMPILER_GLOBAL_ACCENT_COLOR_NAME = AccentColor;
				CODE_SIGN_STYLE = Automatic;
				CURRENT_PROJECT_VERSION = 1;
				DEVELOPMENT_TEAM = JWGUWL64BX;
				ENABLE_PREVIEWS = YES;
				GENERATE_INFOPLIST_FILE = YES;
				INFOPLIST_KEY_UIApplicationSceneManifest_Generation = YES;
				INFOPLIST_KEY_UIApplicationSupportsIndirectInputEvents = YES;
				INFOPLIST_KEY_UILaunchScreen_Generation = YES;
				INFOPLIST_KEY_UISupportedInterfaceOrientations_iPad = "UIInterfaceOrientationPortrait UIInterfaceOrientationPortraitUpsideDown UIInterfaceOrientationLandscapeLeft UIInterfaceOrientationLandscapeRight";
				INFOPLIST_KEY_UISupportedInterfaceOrientations_iPhone = "UIInterfaceOrientationPortrait UIInterfaceOrientationLandscapeLeft UIInterfaceOrientationLandscapeRight";
				LD_RUNPATH_SEARCH_PATHS = (
					"$(inherited)",
					"@executable_path/Frameworks",
				);
				MARKETING_VERSION = 1.0;
				PRODUCT_BUNDLE_IDENTIFIER = com.BZCode.appetizerAPP;
				PRODUCT_NAME = "$(TARGET_NAME)";
				STRING_CATALOG_GENERATE_SYMBOLS = YES;
				SWIFT_APPROACHABLE_CONCURRENCY = YES;
				SWIFT_DEFAULT_ACTOR_ISOLATION = MainActor;
				SWIFT_EMIT_LOC_STRINGS = YES;
				SWIFT_UPCOMING_FEATURE_MEMBER_IMPORT_VISIBILITY = YES;
				SWIFT_VERSION = 5.0;
				TARGETED_DEVICE_FAMILY = "1,2";
			};
			name = Release;
		};
		E0E585342E997906003885E5 /* Debug */ = {
			isa = XCBuildConfiguration;
			buildSettings = {
				BUNDLE_LOADER = "$(TEST_HOST)";
				CODE_SIGN_STYLE = Automatic;
				CURRENT_PROJECT_VERSION = 1;
				DEVELOPMENT_TEAM = JWGUWL64BX;
				GENERATE_INFOPLIST_FILE = YES;
				IPHONEOS_DEPLOYMENT_TARGET = 26.0;
				MARKETING_VERSION = 1.0;
				PRODUCT_BUNDLE_IDENTIFIER = com.BZCode.appetizerAPPTests;
				PRODUCT_NAME = "$(TARGET_NAME)";
				STRING_CATALOG_GENERATE_SYMBOLS = NO;
				SWIFT_APPROACHABLE_CONCURRENCY = YES;
				SWIFT_EMIT_LOC_STRINGS = NO;
				SWIFT_UPCOMING_FEATURE_MEMBER_IMPORT_VISIBILITY = YES;
				SWIFT_VERSION = 5.0;
				TARGETED_DEVICE_FAMILY = "1,2";
				TEST_HOST = "$(BUILT_PRODUCTS_DIR)/appetizerAPP.app/$(BUNDLE_EXECUTABLE_FOLDER_PATH)/appetizerAPP";
			};
			name = Debug;
		};
		E0E585352E997906003885E5 /* Release */ = {
			isa = XCBuildConfiguration;
			buildSettings = {
				BUNDLE_LOADER = "$(TEST_HOST)";
				CODE_SIGN_STYLE = Automatic;
				CURRENT_PROJECT_VERSION = 1;
				DEVELOPMENT_TEAM = JWGUWL64BX;
				GENERATE_INFOPLIST_FILE = YES;
				IPHONEOS_DEPLOYMENT_TARGET = 26.0;
				MARKETING_VERSION = 1.0;
				PRODUCT_BUNDLE_IDENTIFIER = com.BZCode.appetizerAPPTests;
				PRODUCT_NAME = "$(TARGET_NAME)";
				STRING_CATALOG_GENERATE_SYMBOLS = NO;
				SWIFT_APPROACHABLE_CONCURRENCY = YES;
				SWIFT_EMIT_LOC_STRINGS = NO;
				SWIFT_UPCOMING_FEATURE_MEMBER_IMPORT_VISIBILITY = YES;
				SWIFT_VERSION = 5.0;
				TARGETED_DEVICE_FAMILY = "1,2";
				TEST_HOST = "$(BUILT_PRODUCTS_DIR)/appetizerAPP.app/$(BUNDLE_EXECUTABLE_FOLDER_PATH)/appetizerAPP";
			};
			name = Release;
		};
		E0E585372E997906003885E5 /* Debug */ = {
			isa = XCBuildConfiguration;
			buildSettings = {
				CODE_SIGN_STYLE = Automatic;
				CURRENT_PROJECT_VERSION = 1;
				DEVELOPMENT_TEAM = JWGUWL64BX;
				GENERATE_INFOPLIST_FILE = YES;
				MARKETING_VERSION = 1.0;
				PRODUCT_BUNDLE_IDENTIFIER = com.BZCode.appetizerAPPUITests;
				PRODUCT_NAME = "$(TARGET_NAME)";
				STRING_CATALOG_GENERATE_SYMBOLS = NO;
				SWIFT_APPROACHABLE_CONCURRENCY = YES;
				SWIFT_EMIT_LOC_STRINGS = NO;
				SWIFT_UPCOMING_FEATURE_MEMBER_IMPORT_VISIBILITY = YES;
				SWIFT_VERSION = 5.0;
				TARGETED_DEVICE_FAMILY = "1,2";
				TEST_TARGET_NAME = appetizerAPP;
			};
			name = Debug;
		};
		E0E585382E997906003885E5 /* Release */ = {
			isa = XCBuildConfiguration;
			buildSettings = {
				CODE_SIGN_STYLE = Automatic;
				CURRENT_PROJECT_VERSION = 1;
				DEVELOPMENT_TEAM = JWGUWL64BX;
				GENERATE_INFOPLIST_FILE = YES;
				MARKETING_VERSION = 1.0;
				PRODUCT_BUNDLE_IDENTIFIER = com.BZCode.appetizerAPPUITests;
				PRODUCT_NAME = "$(TARGET_NAME)";
				STRING_CATALOG_GENERATE_SYMBOLS = NO;
				SWIFT_APPROACHABLE_CONCURRENCY = YES;
				SWIFT_EMIT_LOC_STRINGS = NO;
				SWIFT_UPCOMING_FEATURE_MEMBER_IMPORT_VISIBILITY = YES;
				SWIFT_VERSION = 5.0;
				TARGETED_DEVICE_FAMILY = "1,2";
				TEST_TARGET_NAME = appetizerAPP;
			};
			name = Release;
		};
/* End XCBuildConfiguration section */

/* Begin XCConfigurationList section */
		E0E5850A2E997904003885E5 /* Build configuration list for PBXProject "appetizerAPP" */ = {
			isa = XCConfigurationList;
			buildConfigurations = (
				E0E5852E2E997906003885E5 /* Debug */,
				E0E5852F2E997906003885E5 /* Release */,
			);
			defaultConfigurationIsVisible = 0;
			defaultConfigurationName = Release;
		};
		E0E585302E997906003885E5 /* Build configuration list for PBXNativeTarget "appetizerAPP" */ = {
			isa = XCConfigurationList;
			buildConfigurations = (
				E0E585312E997906003885E5 /* Debug */,
				E0E585322E997906003885E5 /* Release */,
			);
			defaultConfigurationIsVisible = 0;
			defaultConfigurationName = Release;
		};
		E0E585332E997906003885E5 /* Build configuration list for PBXNativeTarget "appetizerAPPTests" */ = {
			isa = XCConfigurationList;
			buildConfigurations = (
				E0E585342E997906003885E5 /* Debug */,
				E0E585352E997906003885E5 /* Release */,
			);
			defaultConfigurationIsVisible = 0;
			defaultConfigurationName = Release;
		};
		E0E585362E997906003885E5 /* Build configuration list for PBXNativeTarget "appetizerAPPUITests" */ = {
			isa = XCConfigurationList;
			buildConfigurations = (
				E0E585372E997906003885E5 /* Debug */,
				E0E585382E997906003885E5 /* Release */,
			);
			defaultConfigurationIsVisible = 0;
			defaultConfigurationName = Release;
		};
/* End XCConfigurationList section */
	};
	rootObject = E0E585072E997904003885E5 /* Project object */;
}
